
Microsoft Visual Studio Solution File, Format Version 12.00
# Visual Studio Version 17
VisualStudioVersion = 17.4.33403.182
MinimumVisualStudioVersion = 10.0.40219.1
Project("{FAE04EC0-301F-11D3-BF4B-00C04F79EFBC}") = "FineBlog", "FineBlog\FineBlog.csproj", "{4D8337FD-654D-458A-AB47-7353756A8CF9}"
EndProject
Global
	GlobalSection(SolutionConfigurationPlatforms) = preSolution
		Debug|Any CPU = Debug|Any CPU
		Release|Any CPU = Release|Any CPU
	EndGlobalSection
	GlobalSection(ProjectConfigurationPlatforms) = postSolution
		{4D8337FD-654D-458A-AB47-7353756A8CF9}.Debug|Any CPU.ActiveCfg = Debug|Any CPU
		{4D8337FD-654D-458A-AB47-7353756A8CF9}.Debug|Any CPU.Build.0 = Debug|Any CPU
		{4D8337FD-654D-458A-AB47-7353756A8CF9}.Release|Any CPU.ActiveCfg = Release|Any CPU
		{4D8337FD-654D-458A-AB47-7353756A8CF9}.Release|Any CPU.Build.0 = Release|Any CPU
	EndGlobalSection
	GlobalSection(SolutionProperties) = preSolution
		HideSolutionNode = FALSE
	EndGlobalSection
	GlobalSection(ExtensibilityGlobals) = postSolution
		SolutionGuid = {104D281A-D00A-4124-B815-4F352FD207CC}
	EndGlobalSection
EndGlobal
